
Microsoft Visual Studio Solution File, Format Version 12.00
# Visual Studio Version 16
VisualStudioVersion = 16.0.29905.134
MinimumVisualStudioVersion = 10.0.40219.1
Project("{FAE04EC0-301F-11D3-BF4B-00C04F79EFBC}") = "dropcatch.com", "dropcatch.com\dropcatch.com.csproj", "{5BF02574-461F-4F12-A4FD-B97DE81D9F6C}"
EndProject
Global
	GlobalSection(SolutionConfigurationPlatforms) = preSolution
		Debug|Any CPU = Debug|Any CPU
		Release|Any CPU = Release|Any CPU
	EndGlobalSection
	GlobalSection(ProjectConfigurationPlatforms) = postSolution
		{5BF02574-461F-4F12-A4FD-B97DE81D9F6C}.Debug|Any CPU.ActiveCfg = Debug|Any CPU
		{5BF02574-461F-4F12-A4FD-B97DE81D9F6C}.Debug|Any CPU.Build.0 = Debug|Any CPU
		{5BF02574-461F-4F12-A4FD-B97DE81D9F6C}.Release|Any CPU.ActiveCfg = Release|Any CPU
		{5BF02574-461F-4F12-A4FD-B97DE81D9F6C}.Release|Any CPU.Build.0 = Release|Any CPU
	EndGlobalSection
	GlobalSection(SolutionProperties) = preSolution
		HideSolutionNode = FALSE
	EndGlobalSection
	GlobalSection(ExtensibilityGlobals) = postSolution
		SolutionGuid = {09678272-CD76-4A2D-AD9C-70ACBA1D8033}
	EndGlobalSection
EndGlobal
